
Microsoft Visual Studio Solution File, Format Version 12.00
# Visual Studio 2013
VisualStudioVersion = 12.0.30723.0
MinimumVisualStudioVersion = 10.0.40219.1
Project("{FAE04EC0-301F-11D3-BF4B-00C04F79EFBC}") = "AuditManager.Web", "AuditManager.Web\AuditManager.Web.csproj", "{2835FDBA-96BA-4D5C-850D-A909BB12F4E3}"
EndProject
Project("{FAE04EC0-301F-11D3-BF4B-00C04F79EFBC}") = "AuditManager.Model", "AuditManager.Model\AuditManager.Model.csproj", "{01AB8AE4-E0D5-4347-93DB-5D41FE76ADEC}"
EndProject
Project("{FAE04EC0-301F-11D3-BF4B-00C04F79EFBC}") = "AuditManager.Rep", "AuditManager.Rep\AuditManager.Rep.csproj", "{FC67DC3D-0B01-46F2-9FD6-CDAF9AA881D3}"
EndProject
Project("{FAE04EC0-301F-11D3-BF4B-00C04F79EFBC}") = "AuditManager.EF", "AuditManager.EF\AuditManager.EF.csproj", "{086F0C2A-58D7-4153-B862-7CD2F3668488}"
EndProject
Project("{FAE04EC0-301F-11D3-BF4B-00C04F79EFBC}") = "IM.Mgr", "IManage.Mgr\IM.Mgr.csproj", "{64B36F15-F86B-423D-B692-F57F0B5C6227}"
EndProject
Project("{FAE04EC0-301F-11D3-BF4B-00C04F79EFBC}") = "AuditManager.Common", "AuditManager.Common\AuditManager.Common.csproj", "{287EA876-3CF8-454B-A3AA-880557F3D527}"
EndProject
Project("{2150E333-8FDC-42A3-9474-1A3956D46DE8}") = ".nuget", ".nuget", "{4202696F-E010-4572-B08D-7540F02BA37B}"
	ProjectSection(SolutionItems) = preProject
		.nuget\NuGet.Config = .nuget\NuGet.Config
		.nuget\NuGet.exe = .nuget\NuGet.exe
		.nuget\NuGet.targets = .nuget\NuGet.targets
	EndProjectSection
EndProject
Project("{FAE04EC0-301F-11D3-BF4B-00C04F79EFBC}") = "IM.Wrapper", "IManage.Wrapper\IM.Wrapper.csproj", "{B6679401-E328-40AC-91CD-C58567C79754}"
EndProject
Project("{FAE04EC0-301F-11D3-BF4B-00C04F79EFBC}") = "iManage.Api", "iManage.Api\iManage.Api.csproj", "{5F39087A-7830-4317-937D-DBD389FFF739}"
EndProject
Project("{FAE04EC0-301F-11D3-BF4B-00C04F79EFBC}") = "KElmah", "KElmah\KElmah.csproj", "{A96AD7BF-E223-461A-928C-41AD9D708461}"
EndProject
Global
	GlobalSection(SolutionConfigurationPlatforms) = preSolution
		Debug|Any CPU = Debug|Any CPU
		Release|Any CPU = Release|Any CPU
	EndGlobalSection
	GlobalSection(ProjectConfigurationPlatforms) = postSolution
		{2835FDBA-96BA-4D5C-850D-A909BB12F4E3}.Debug|Any CPU.ActiveCfg = Debug|Any CPU
		{2835FDBA-96BA-4D5C-850D-A909BB12F4E3}.Debug|Any CPU.Build.0 = Debug|Any CPU
		{2835FDBA-96BA-4D5C-850D-A909BB12F4E3}.Release|Any CPU.ActiveCfg = Release|Any CPU
		{2835FDBA-96BA-4D5C-850D-A909BB12F4E3}.Release|Any CPU.Build.0 = Release|Any CPU
		{01AB8AE4-E0D5-4347-93DB-5D41FE76ADEC}.Debug|Any CPU.ActiveCfg = Debug|Any CPU
		{01AB8AE4-E0D5-4347-93DB-5D41FE76ADEC}.Debug|Any CPU.Build.0 = Debug|Any CPU
		{01AB8AE4-E0D5-4347-93DB-5D41FE76ADEC}.Release|Any CPU.ActiveCfg = Release|Any CPU
		{01AB8AE4-E0D5-4347-93DB-5D41FE76ADEC}.Release|Any CPU.Build.0 = Release|Any CPU
		{FC67DC3D-0B01-46F2-9FD6-CDAF9AA881D3}.Debug|Any CPU.ActiveCfg = Debug|Any CPU
		{FC67DC3D-0B01-46F2-9FD6-CDAF9AA881D3}.Debug|Any CPU.Build.0 = Debug|Any CPU
		{FC67DC3D-0B01-46F2-9FD6-CDAF9AA881D3}.Release|Any CPU.ActiveCfg = Release|Any CPU
		{FC67DC3D-0B01-46F2-9FD6-CDAF9AA881D3}.Release|Any CPU.Build.0 = Release|Any CPU
		{086F0C2A-58D7-4153-B862-7CD2F3668488}.Debug|Any CPU.ActiveCfg = Debug|Any CPU
		{086F0C2A-58D7-4153-B862-7CD2F3668488}.Debug|Any CPU.Build.0 = Debug|Any CPU
		{086F0C2A-58D7-4153-B862-7CD2F3668488}.Release|Any CPU.ActiveCfg = Release|Any CPU
		{086F0C2A-58D7-4153-B862-7CD2F3668488}.Release|Any CPU.Build.0 = Release|Any CPU
		{64B36F15-F86B-423D-B692-F57F0B5C6227}.Debug|Any CPU.ActiveCfg = Debug|Any CPU
		{64B36F15-F86B-423D-B692-F57F0B5C6227}.Debug|Any CPU.Build.0 = Debug|Any CPU
		{64B36F15-F86B-423D-B692-F57F0B5C6227}.Release|Any CPU.ActiveCfg = Release|Any CPU
		{64B36F15-F86B-423D-B692-F57F0B5C6227}.Release|Any CPU.Build.0 = Release|Any CPU
		{287EA876-3CF8-454B-A3AA-880557F3D527}.Debug|Any CPU.ActiveCfg = Debug|Any CPU
		{287EA876-3CF8-454B-A3AA-880557F3D527}.Debug|Any CPU.Build.0 = Debug|Any CPU
		{287EA876-3CF8-454B-A3AA-880557F3D527}.Release|Any CPU.ActiveCfg = Release|Any CPU
		{287EA876-3CF8-454B-A3AA-880557F3D527}.Release|Any CPU.Build.0 = Release|Any CPU
		{B6679401-E328-40AC-91CD-C58567C79754}.Debug|Any CPU.ActiveCfg = Debug|Any CPU
		{B6679401-E328-40AC-91CD-C58567C79754}.Debug|Any CPU.Build.0 = Debug|Any CPU
		{B6679401-E328-40AC-91CD-C58567C79754}.Release|Any CPU.ActiveCfg = Release|Any CPU
		{B6679401-E328-40AC-91CD-C58567C79754}.Release|Any CPU.Build.0 = Release|Any CPU
		{5F39087A-7830-4317-937D-DBD389FFF739}.Debug|Any CPU.ActiveCfg = Debug|Any CPU
		{5F39087A-7830-4317-937D-DBD389FFF739}.Debug|Any CPU.Build.0 = Debug|Any CPU
		{5F39087A-7830-4317-937D-DBD389FFF739}.Release|Any CPU.ActiveCfg = Release|Any CPU
		{5F39087A-7830-4317-937D-DBD389FFF739}.Release|Any CPU.Build.0 = Release|Any CPU
		{A96AD7BF-E223-461A-928C-41AD9D708461}.Debug|Any CPU.ActiveCfg = Debug|Any CPU
		{A96AD7BF-E223-461A-928C-41AD9D708461}.Debug|Any CPU.Build.0 = Debug|Any CPU
		{A96AD7BF-E223-461A-928C-41AD9D708461}.Release|Any CPU.ActiveCfg = Release|Any CPU
		{A96AD7BF-E223-461A-928C-41AD9D708461}.Release|Any CPU.Build.0 = Release|Any CPU
	EndGlobalSection
	GlobalSection(SolutionProperties) = preSolution
		HideSolutionNode = FALSE
	EndGlobalSection
EndGlobal
